// !$*UTF8*$!
{
	archiveVersion = 1;
	classes = {
	};
	objectVersion = 46;
	objects = {

/* Begin PBXBuildFile section */
		1D61908E1EB6702F00D82F7B /* AppDelegate.swift in Sources */ = {isa = PBXBuildFile; fileRef = 1D61908D1EB6702F00D82F7B /* AppDelegate.swift */; };
		1D6190901EB6702F00D82F7B /* ViewController.swift in Sources */ = {isa = PBXBuildFile; fileRef = 1D61908F1EB6702F00D82F7B /* ViewController.swift */; };
		1D6190931EB6702F00D82F7B /* Main.storyboard in Resources */ = {isa = PBXBuildFile; fileRef = 1D6190911EB6702F00D82F7B /* Main.storyboard */; };
		1D6190951EB6702F00D82F7B /* Assets.xcassets in Resources */ = {isa = PBXBuildFile; fileRef = 1D6190941EB6702F00D82F7B /* Assets.xcassets */; };
		1D6190981EB6702F00D82F7B /* LaunchScreen.storyboard in Resources */ = {isa = PBXBuildFile; fileRef = 1D6190961EB6702F00D82F7B /* LaunchScreen.storyboard */; };
		1D6190A31EB6702F00D82F7B /* iKidTests.swift in Sources */ = {isa = PBXBuildFile; fileRef = 1D6190A21EB6702F00D82F7B /* iKidTests.swift */; };
		1D6190AE1EB6702F00D82F7B /* iKidUITests.swift in Sources */ = {isa = PBXBuildFile; fileRef = 1D6190AD1EB6702F00D82F7B /* iKidUITests.swift */; };
/* End PBXBuildFile section */

/* Begin PBXContainerItemProxy section */
		1D61909F1EB6702F00D82F7B /* PBXContainerItemProxy */ = {
			isa = PBXContainerItemProxy;
			containerPortal = 1D6190821EB6702F00D82F7B /* Project object */;
			proxyType = 1;
			remoteGlobalIDString = 1D6190891EB6702F00D82F7B;
			remoteInfo = iKid;
		};
		1D6190AA1EB6702F00D82F7B /* PBXContainerItemProxy */ = {
			isa = PBXContainerItemProxy;
			containerPortal = 1D6190821EB6702F00D82F7B /* Project object */;
			proxyType = 1;
			remoteGlobalIDString = 1D6190891EB6702F00D82F7B;
			remoteInfo = iKid;
		};
/* End PBXContainerItemProxy section */

/* Begin PBXFileReference section */
		1D61908A1EB6702F00D82F7B /* iKid.app */ = {isa = PBXFileReference; explicitFileType = wrapper.application; includeInIndex = 0; path = iKid.app; sourceTree = BUILT_PRODUCTS_DIR; };
		1D61908D1EB6702F00D82F7B /* AppDelegate.swift */ = {isa = PBXFileReference; lastKnownFileType = sourcecode.swift; path = AppDelegate.swift; sourceTree = "<group>"; };
		1D61908F1EB6702F00D82F7B /* ViewController.swift */ = {isa = PBXFileReference; lastKnownFileType = sourcecode.swift; path = ViewController.swift; sourceTree = "<group>"; };
		1D6190921EB6702F00D82F7B /* Base */ = {isa = PBXFileReference; lastKnownFileType = file.storyboard; name = Base; path = Base.lproj/Main.storyboard; sourceTree = "<group>"; };
		1D6190941EB6702F00D82F7B /* Assets.xcassets */ = {isa = PBXFileReference; lastKnownFileType = folder.assetcatalog; path = Assets.xcassets; sourceTree = "<group>"; };
		1D6190971EB6702F00D82F7B /* Base */ = {isa = PBXFileReference; lastKnownFileType = file.storyboard; name = Base; path = Base.lproj/LaunchScreen.storyboard; sourceTree = "<group>"; };
		1D6190991EB6702F00D82F7B /* Info.plist */ = {isa = PBXFileReference; lastKnownFileType = text.plist.xml; path = Info.plist; sourceTree = "<group>"; };
		1D61909E1EB6702F00D82F7B /* iKidTests.xctest */ = {isa = PBXFileReference; explicitFileType = wrapper.cfbundle; includeInIndex = 0; path = iKidTests.xctest; sourceTree = BUILT_PRODUCTS_DIR; };
		1D6190A21EB6702F00D82F7B /* iKidTests.swift */ = {isa = PBXFileReference; lastKnownFileType = sourcecode.swift; path = iKidTests.swift; sourceTree = "<group>"; };
		1D6190A41EB6702F00D82F7B /* Info.plist */ = {isa = PBXFileReference; lastKnownFileType = text.plist.xml; path = Info.plist; sourceTree = "<group>"; };
		1D6190A91EB6702F00D82F7B /* iKidUITests.xctest */ = {isa = PBXFileReference; explicitFileType = wrapper.cfbundle; includeInIndex = 0; path = iKidUITests.xctest; sourceTree = BUILT_PRODUCTS_DIR; };
		1D6190AD1EB6702F00D82F7B /* iKidUITests.swift */ = {isa = PBXFileReference; lastKnownFileType = sourcecode.swift; path = iKidUITests.swift; sourceTree = "<group>"; };
		1D6190AF1EB6702F00D82F7B /* Info.plist */ = {isa = PBXFileReference; lastKnownFileType = text.plist.xml; path = Info.plist; sourceTree = "<group>"; };
/* End PBXFileReference section */

/* Begin PBXFrameworksBuildPhase section */
		1D6190871EB6702F00D82F7B /* Frameworks */ = {
			isa = PBXFrameworksBuildPhase;
			buildActionMask = 2147483647;
			files = (
			);
			runOnlyForDeploymentPostprocessing = 0;
		};
		1D61909B1EB6702F00D82F7B /* Frameworks */ = {
			isa = PBXFrameworksBuildPhase;
			buildActionMask = 2147483647;
			files = (
			);
			runOnlyForDeploymentPostprocessing = 0;
		};
		1D6190A61EB6702F00D82F7B /* Frameworks */ = {
			isa = PBXFrameworksBuildPhase;
			buildActionMask = 2147483647;
			files = (
			);
			runOnlyForDeploymentPostprocessing = 0;
		};
/* End PBXFrameworksBuildPhase section */

/* Begin PBXGroup section */
		1D6190811EB6702F00D82F7B = {
			isa = PBXGroup;
			children = (
				1D61908C1EB6702F00D82F7B /* iKid */,
				1D6190A11EB6702F00D82F7B /* iKidTests */,
				1D6190AC1EB6702F00D82F7B /* iKidUITests */,
				1D61908B1EB6702F00D82F7B /* Products */,
			);
			sourceTree = "<group>";
		};
		1D61908B1EB6702F00D82F7B /* Products */ = {
			isa = PBXGroup;
			children = (
				1D61908A1EB6702F00D82F7B /* iKid.app */,
				1D61909E1EB6702F00D82F7B /* iKidTests.xctest */,
				1D6190A91EB6702F00D82F7B /* iKidUITests.xctest */,
			);
			name = Products;
			sourceTree = "<group>";
		};
		1D61908C1EB6702F00D82F7B /* iKid */ = {
			isa = PBXGroup;
			children = (
				1D61908D1EB6702F00D82F7B /* AppDelegate.swift */,
				1D61908F1EB6702F00D82F7B /* ViewController.swift */,
				1D6190911EB6702F00D82F7B /* Main.storyboard */,
				1D6190941EB6702F00D82F7B /* Assets.xcassets */,
				1D6190961EB6702F00D82F7B /* LaunchScreen.storyboard */,
				1D6190991EB6702F00D82F7B /* Info.plist */,
			);
			path = iKid;
			sourceTree = "<group>";
		};
		1D6190A11EB6702F00D82F7B /* iKidTests */ = {
			isa = PBXGroup;
			children = (
				1D6190A21EB6702F00D82F7B /* iKidTests.swift */,
				1D6190A41EB6702F00D82F7B /* Info.plist */,
			);
			path = iKidTests;
			sourceTree = "<group>";
		};
		1D6190AC1EB6702F00D82F7B /* iKidUITests */ = {
			isa = PBXGroup;
			children = (
				1D6190AD1EB6702F00D82F7B /* iKidUITests.swift */,
				1D6190AF1EB6702F00D82F7B /* Info.plist */,
			);
			path = iKidUITests;
			sourceTree = "<group>";
		};
/* End PBXGroup section */

/* Begin PBXNativeTarget section */
		1D6190891EB6702F00D82F7B /* iKid */ = {
			isa = PBXNativeTarget;
			buildConfigurationList = 1D6190B21EB6702F00D82F7B /* Build configuration list for PBXNativeTarget "iKid" */;
			buildPhases = (
				1D6190861EB6702F00D82F7B /* Sources */,
				1D6190871EB6702F00D82F7B /* Frameworks */,
				1D6190881EB6702F00D82F7B /* Resources */,
			);
			buildRules = (
			);
			dependencies = (
			);
			name = iKid;
			productName = iKid;
			productReference = 1D61908A1EB6702F00D82F7B /* iKid.app */;
			productType = "com.apple.product-type.application";
		};
		1D61909D1EB6702F00D82F7B /* iKidTests */ = {
			isa = PBXNativeTarget;
			buildConfigurationList = 1D6190B51EB6702F00D82F7B /* Build configuration list for PBXNativeTarget "iKidTests" */;
			buildPhases = (
				1D61909A1EB6702F00D82F7B /* Sources */,
				1D61909B1EB6702F00D82F7B /* Frameworks */,
				1D61909C1EB6702F00D82F7B /* Resources */,
			);
			buildRules = (
			);
			dependencies = (
				1D6190A01EB6702F00D82F7B /* PBXTargetDependency */,
			);
			name = iKidTests;
			productName = iKidTests;
			productReference = 1D61909E1EB6702F00D82F7B /* iKidTests.xctest */;
			productType = "com.apple.product-type.bundle.unit-test";
		};
		1D6190A81EB6702F00D82F7B /* iKidUITests */ = {
			isa = PBXNativeTarget;
			buildConfigurationList = 1D6190B81EB6702F00D82F7B /* Build configuration list for PBXNativeTarget "iKidUITests" */;
			buildPhases = (
				1D6190A51EB6702F00D82F7B /* Sources */,
				1D6190A61EB6702F00D82F7B /* Frameworks */,
				1D6190A71EB6702F00D82F7B /* Resources */,
			);
			buildRules = (
			);
			dependencies = (
				1D6190AB1EB6702F00D82F7B /* PBXTargetDependency */,
			);
			name = iKidUITests;
			productName = iKidUITests;
			productReference = 1D6190A91EB6702F00D82F7B /* iKidUITests.xctest */;
			productType = "com.apple.product-type.bundle.ui-testing";
		};
/* End PBXNativeTarget section */

/* Begin PBXProject section */
		1D6190821EB6702F00D82F7B /* Project object */ = {
			isa = PBXProject;
			attributes = {
				LastSwiftUpdateCheck = 0830;
				LastUpgradeCheck = 0830;
				ORGANIZATIONNAME = "Yichao Wang";
				TargetAttributes = {
					1D6190891EB6702F00D82F7B = {
						CreatedOnToolsVersion = 8.3;
						ProvisioningStyle = Automatic;
					};
					1D61909D1EB6702F00D82F7B = {
						CreatedOnToolsVersion = 8.3;
						ProvisioningStyle = Automatic;
						TestTargetID = 1D6190891EB6702F00D82F7B;
					};
					1D6190A81EB6702F00D82F7B = {
						CreatedOnToolsVersion = 8.3;
						ProvisioningStyle = Automatic;
						TestTargetID = 1D6190891EB6702F00D82F7B;
					};
				};
			};
			buildConfigurationList = 1D6190851EB6702F00D82F7B /* Build configuration list for PBXProject "iKid" */;
			compatibilityVersion = "Xcode 3.2";
			developmentRegion = English;
			hasScannedForEncodings = 0;
			knownRegions = (
				en,
				Base,
			);
			mainGroup = 1D6190811EB6702F00D82F7B;
			productRefGroup = 1D61908B1EB6702F00D82F7B /* Products */;
			projectDirPath = "";
			projectRoot = "";
			targets = (
				1D6190891EB6702F00D82F7B /* iKid */,
				1D61909D1EB6702F00D82F7B /* iKidTests */,
				1D6190A81EB6702F00D82F7B /* iKidUITests */,
			);
		};
/* End PBXProject section */

/* Begin PBXResourcesBuildPhase section */
		1D6190881EB6702F00D82F7B /* Resources */ = {
			isa = PBXResourcesBuildPhase;
			buildActionMask = 2147483647;
			files = (
				1D6190981EB6702F00D82F7B /* LaunchScreen.storyboard in Resources */,
				1D6190951EB6702F00D82F7B /* Assets.xcassets in Resources */,
				1D6190931EB6702F00D82F7B /* Main.storyboard in Resources */,
			);
			runOnlyForDeploymentPostprocessing = 0;
		};
		1D61909C1EB6702F00D82F7B /* Resources */ = {
			isa = PBXResourcesBuildPhase;
			buildActionMask = 2147483647;
			files = (
			);
			runOnlyForDeploymentPostprocessing = 0;
		};
		1D6190A71EB6702F00D82F7B /* Resources */ = {
			isa = PBXResourcesBuildPhase;
			buildActionMask = 2147483647;
			files = (
			);
			runOnlyForDeploymentPostprocessing = 0;
		};
/* End PBXResourcesBuildPhase section */

/* Begin PBXSourcesBuildPhase section */
		1D6190861EB6702F00D82F7B /* Sources */ = {
			isa = PBXSourcesBuildPhase;
			buildActionMask = 2147483647;
			files = (
				1D6190901EB6702F00D82F7B /* ViewController.swift in Sources */,
				1D61908E1EB6702F00D82F7B /* AppDelegate.swift in Sources */,
			);
			runOnlyForDeploymentPostprocessing = 0;
		};
		1D61909A1EB6702F00D82F7B /* Sources */ = {
			isa = PBXSourcesBuildPhase;
			buildActionMask = 2147483647;
			files = (
				1D6190A31EB6702F00D82F7B /* iKidTests.swift in Sources */,
			);
			runOnlyForDeploymentPostprocessing = 0;
		};
		1D6190A51EB6702F00D82F7B /* Sources */ = {
			isa = PBXSourcesBuildPhase;
			buildActionMask = 2147483647;
			files = (
				1D6190AE1EB6702F00D82F7B /* iKidUITests.swift in Sources */,
			);
			runOnlyForDeploymentPostprocessing = 0;
		};
/* End PBXSourcesBuildPhase section */

/* Begin PBXTargetDependency section */
		1D6190A01EB6702F00D82F7B /* PBXTargetDependency */ = {
			isa = PBXTargetDependency;
			target = 1D6190891EB6702F00D82F7B /* iKid */;
			targetProxy = 1D61909F1EB6702F00D82F7B /* PBXContainerItemProxy */;
		};
		1D6190AB1EB6702F00D82F7B /* PBXTargetDependency */ = {
			isa = PBXTargetDependency;
			target = 1D6190891EB6702F00D82F7B /* iKid */;
			targetProxy = 1D6190AA1EB6702F00D82F7B /* PBXContainerItemProxy */;
		};
/* End PBXTargetDependency section */

/* Begin PBXVariantGroup section */
		1D6190911EB6702F00D82F7B /* Main.storyboard */ = {
			isa = PBXVariantGroup;
			children = (
				1D6190921EB6702F00D82F7B /* Base */,
			);
			name = Main.storyboard;
			sourceTree = "<group>";
		};
		1D6190961EB6702F00D82F7B /* LaunchScreen.storyboard */ = {
			isa = PBXVariantGroup;
			children = (
				1D6190971EB6702F00D82F7B /* Base */,
			);
			name = LaunchScreen.storyboard;
			sourceTree = "<group>";
		};
/* End PBXVariantGroup section */

/* Begin XCBuildConfiguration section */
		1D6190B01EB6702F00D82F7B /* Debug */ = {
			isa = XCBuildConfiguration;
			buildSettings = {
				ALWAYS_SEARCH_USER_PATHS = NO;
				CLANG_ANALYZER_NONNULL = YES;
				CLANG_ANALYZER_NUMBER_OBJECT_CONVERSION = YES_AGGRESSIVE;
				CLANG_CXX_LANGUAGE_STANDARD = "gnu++0x";
				CLANG_CXX_LIBRARY = "libc++";
				CLANG_ENABLE_MODULES = YES;
				CLANG_ENABLE_OBJC_ARC = YES;
				CLANG_WARN_BOOL_CONVERSION = YES;
				CLANG_WARN_CONSTANT_CONVERSION = YES;
				CLANG_WARN_DIRECT_OBJC_ISA_USAGE = YES_ERROR;
				CLANG_WARN_DOCUMENTATION_COMMENTS = YES;
				CLANG_WARN_EMPTY_BODY = YES;
				CLANG_WARN_ENUM_CONVERSION = YES;
				CLANG_WARN_INFINITE_RECURSION = YES;
				CLANG_WARN_INT_CONVERSION = YES;
				CLANG_WARN_OBJC_ROOT_CLASS = YES_ERROR;
				CLANG_WARN_SUSPICIOUS_MOVE = YES;
				CLANG_WARN_UNREACHABLE_CODE = YES;
				CLANG_WARN__DUPLICATE_METHOD_MATCH = YES;
				"CODE_SIGN_IDENTITY[sdk=iphoneos*]" = "iPhone Developer";
				COPY_PHASE_STRIP = NO;
				DEBUG_INFORMATION_FORMAT = dwarf;
				ENABLE_STRICT_OBJC_MSGSEND = YES;
				ENABLE_TESTABILITY = YES;
				GCC_C_LANGUAGE_STANDARD = gnu99;
				GCC_DYNAMIC_NO_PIC = NO;
				GCC_NO_COMMON_BLOCKS = YES;
				GCC_OPTIMIZATION_LEVEL = 0;
				GCC_PREPROCESSOR_DEFINITIONS = (
					"DEBUG=1",
					"$(inherited)",
				);
				GCC_WARN_64_TO_32_BIT_CONVERSION = YES;
				GCC_WARN_ABOUT_RETURN_TYPE = YES_ERROR;
				GCC_WARN_UNDECLARED_SELECTOR = YES;
				GCC_WARN_UNINITIALIZED_AUTOS = YES_AGGRESSIVE;
				GCC_WARN_UNUSED_FUNCTION = YES;
				GCC_WARN_UNUSED_VARIABLE = YES;
				IPHONEOS_DEPLOYMENT_TARGET = 10.3;
				MTL_ENABLE_DEBUG_INFO = YES;
				ONLY_ACTIVE_ARCH = YES;
				SDKROOT = iphoneos;
				SWIFT_ACTIVE_COMPILATION_CONDITIONS = DEBUG;
				SWIFT_OPTIMIZATION_LEVEL = "-Onone";
				TARGETED_DEVICE_FAMILY = "1,2";
			};
			name = Debug;
		};
		1D6190B11EB6702F00D82F7B /* Release */ = {
			isa = XCBuildConfiguration;
			buildSettings = {
				ALWAYS_SEARCH_USER_PATHS = NO;
				CLANG_ANALYZER_NONNULL = YES;
				CLANG_ANALYZER_NUMBER_OBJECT_CONVERSION = YES_AGGRESSIVE;
				CLANG_CXX_LANGUAGE_STANDARD = "gnu++0x";
				CLANG_CXX_LIBRARY = "libc++";
				CLANG_ENABLE_MODULES = YES;
				CLANG_ENABLE_OBJC_ARC = YES;
				CLANG_WARN_BOOL_CONVERSION = YES;
				CLANG_WARN_CONSTANT_CONVERSION = YES;
				CLANG_WARN_DIRECT_OBJC_ISA_USAGE = YES_ERROR;
				CLANG_WARN_DOCUMENTATION_COMMENTS = YES;
				CLANG_WARN_EMPTY_BODY = YES;
				CLANG_WARN_ENUM_CONVERSION = YES;
				CLANG_WARN_INFINITE_RECURSION = YES;
				CLANG_WARN_INT_CONVERSION = YES;
				CLANG_WARN_OBJC_ROOT_CLASS = YES_ERROR;
				CLANG_WARN_SUSPICIOUS_MOVE = YES;
				CLANG_WARN_UNREACHABLE_CODE = YES;
				CLANG_WARN__DUPLICATE_METHOD_MATCH = YES;
				"CODE_SIGN_IDENTITY[sdk=iphoneos*]" = "iPhone Developer";
				COPY_PHASE_STRIP = NO;
				DEBUG_INFORMATION_FORMAT = "dwarf-with-dsym";
				ENABLE_NS_ASSERTIONS = NO;
				ENABLE_STRICT_OBJC_MSGSEND = YES;
				GCC_C_LANGUAGE_STANDARD = gnu99;
				GCC_NO_COMMON_BLOCKS = YES;
				GCC_WARN_64_TO_32_BIT_CONVERSION = YES;
				GCC_WARN_ABOUT_RETURN_TYPE = YES_ERROR;
				GCC_WARN_UNDECLARED_SELECTOR = YES;
				GCC_WARN_UNINITIALIZED_AUTOS = YES_AGGRESSIVE;
				GCC_WARN_UNUSED_FUNCTION = YES;
				GCC_WARN_UNUSED_VARIABLE = YES;
				IPHONEOS_DEPLOYMENT_TARGET = 10.3;
				MTL_ENABLE_DEBUG_INFO = NO;
				SDKROOT = iphoneos;
				SWIFT_OPTIMIZATION_LEVEL = "-Owholemodule";
				TARGETED_DEVICE_FAMILY = "1,2";
				VALIDATE_PRODUCT = YES;
			};
			name = Release;
		};
		1D6190B31EB6702F00D82F7B /* Debug */ = {
			isa = XCBuildConfiguration;
			buildSettings = {
				ASSETCATALOG_COMPILER_APPICON_NAME = AppIcon;
				INFOPLIST_FILE = iKid/Info.plist;
				LD_RUNPATH_SEARCH_PATHS = "$(inherited) @executable_path/Frameworks";
				PRODUCT_BUNDLE_IDENTIFIER = com.yichaowang.iKid;
				PRODUCT_NAME = "$(TARGET_NAME)";
				SWIFT_VERSION = 3.0;
			};
			name = Debug;
		};
		1D6190B41EB6702F00D82F7B /* Release */ = {
			isa = XCBuildConfiguration;
			buildSettings = {
				ASSETCATALOG_COMPILER_APPICON_NAME = AppIcon;
				INFOPLIST_FILE = iKid/Info.plist;
				LD_RUNPATH_SEARCH_PATHS = "$(inherited) @executable_path/Frameworks";
				PRODUCT_BUNDLE_IDENTIFIER = com.yichaowang.iKid;
				PRODUCT_NAME = "$(TARGET_NAME)";
				SWIFT_VERSION = 3.0;
			};
			name = Release;
		};
		1D6190B61EB6702F00D82F7B /* Debug */ = {
			isa = XCBuildConfiguration;
			buildSettings = {
				ALWAYS_EMBED_SWIFT_STANDARD_LIBRARIES = YES;
				BUNDLE_LOADER = "$(TEST_HOST)";
				INFOPLIST_FILE = iKidTests/Info.plist;
				LD_RUNPATH_SEARCH_PATHS = "$(inherited) @executable_path/Frameworks @loader_path/Frameworks";
				PRODUCT_BUNDLE_IDENTIFIER = com.yichaowang.iKidTests;
				PRODUCT_NAME = "$(TARGET_NAME)";
				SWIFT_VERSION = 3.0;
				TEST_HOST = "$(BUILT_PRODUCTS_DIR)/iKid.app/iKid";
			};
			name = Debug;
		};
		1D6190B71EB6702F00D82F7B /* Release */ = {
			isa = XCBuildConfiguration;
			buildSettings = {
				ALWAYS_EMBED_SWIFT_STANDARD_LIBRARIES = YES;
				BUNDLE_LOADER = "$(TEST_HOST)";
				INFOPLIST_FILE = iKidTests/Info.plist;
				LD_RUNPATH_SEARCH_PATHS = "$(inherited) @executable_path/Frameworks @loader_path/Frameworks";
				PRODUCT_BUNDLE_IDENTIFIER = com.yichaowang.iKidTests;
				PRODUCT_NAME = "$(TARGET_NAME)";
				SWIFT_VERSION = 3.0;
				TEST_HOST = "$(BUILT_PRODUCTS_DIR)/iKid.app/iKid";
			};
			name = Release;
		};
		1D6190B91EB6702F00D82F7B /* Debug */ = {
			isa = XCBuildConfiguration;
			buildSettings = {
				ALWAYS_EMBED_SWIFT_STANDARD_LIBRARIES = YES;
				INFOPLIST_FILE = iKidUITests/Info.plist;
				LD_RUNPATH_SEARCH_PATHS = "$(inherited) @executable_path/Frameworks @loader_path/Frameworks";
				PRODUCT_BUNDLE_IDENTIFIER = com.yichaowang.iKidUITests;
				PRODUCT_NAME = "$(TARGET_NAME)";
				SWIFT_VERSION = 3.0;
				TEST_TARGET_NAME = iKid;
			};
			name = Debug;
		};
		1D6190BA1EB6702F00D82F7B /* Release */ = {
			isa = XCBuildConfiguration;
			buildSettings = {
				ALWAYS_EMBED_SWIFT_STANDARD_LIBRARIES = YES;
				INFOPLIST_FILE = iKidUITests/Info.plist;
				LD_RUNPATH_SEARCH_PATHS = "$(inherited) @executable_path/Frameworks @loader_path/Frameworks";
				PRODUCT_BUNDLE_IDENTIFIER = com.yichaowang.iKidUITests;
				PRODUCT_NAME = "$(TARGET_NAME)";
				SWIFT_VERSION = 3.0;
				TEST_TARGET_NAME = iKid;
			};
			name = Release;
		};
/* End XCBuildConfiguration section */

/* Begin XCConfigurationList section */
		1D6190851EB6702F00D82F7B /* Build configuration list for PBXProject "iKid" */ = {
			isa = XCConfigurationList;
			buildConfigurations = (
				1D6190B01EB6702F00D82F7B /* Debug */,
				1D6190B11EB6702F00D82F7B /* Release */,
			);
			defaultConfigurationIsVisible = 0;
			defaultConfigurationName = Release;
		};
		1D6190B21EB6702F00D82F7B /* Build configuration list for PBXNativeTarget "iKid" */ = {
			isa = XCConfigurationList;
			buildConfigurations = (
				1D6190B31EB6702F00D82F7B /* Debug */,
				1D6190B41EB6702F00D82F7B /* Release */,
			);
			defaultConfigurationIsVisible = 0;
		};
		1D6190B51EB6702F00D82F7B /* Build configuration list for PBXNativeTarget "iKidTests" */ = {
			isa = XCConfigurationList;
			buildConfigurations = (
				1D6190B61EB6702F00D82F7B /* Debug */,
				1D6190B71EB6702F00D82F7B /* Release */,
			);
			defaultConfigurationIsVisible = 0;
		};
		1D6190B81EB6702F00D82F7B /* Build configuration list for PBXNativeTarget "iKidUITests" */ = {
			isa = XCConfigurationList;
			buildConfigurations = (
				1D6190B91EB6702F00D82F7B /* Debug */,
				1D6190BA1EB6702F00D82F7B /* Release */,
			);
			defaultConfigurationIsVisible = 0;
		};
/* End XCConfigurationList section */
	};
	rootObject = 1D6190821EB6702F00D82F7B /* Project object */;
}
